
Microsoft Visual Studio Solution File, Format Version 12.00
# Visual Studio 15
VisualStudioVersion = 15.0.28307.168
MinimumVisualStudioVersion = 10.0.40219.1
Project("{FAE04EC0-301F-11D3-BF4B-00C04F79EFBC}") = "SF11-2", "SF11-2\SF11-2.csproj", "{2C018634-5D54-4959-ADBA-89C380064962}"
EndProject
Project("{2150E333-8FDC-42A3-9474-1A3956D46DE8}") = "Solutions Files", "Solutions Files", "{9ECFF37A-4D0C-471F-A954-CA204440112E}"
	ProjectSection(SolutionItems) = preProject
		.gitattributes = .gitattributes
		.gitignore = .gitignore
	EndProjectSection
EndProject
Global
	GlobalSection(SolutionConfigurationPlatforms) = preSolution
		Debug|Any CPU = Debug|Any CPU
		Release|Any CPU = Release|Any CPU
	EndGlobalSection
	GlobalSection(ProjectConfigurationPlatforms) = postSolution
		{2C018634-5D54-4959-ADBA-89C380064962}.Debug|Any CPU.ActiveCfg = Debug|Any CPU
		{2C018634-5D54-4959-ADBA-89C380064962}.Debug|Any CPU.Build.0 = Debug|Any CPU
		{2C018634-5D54-4959-ADBA-89C380064962}.Release|Any CPU.ActiveCfg = Release|Any CPU
		{2C018634-5D54-4959-ADBA-89C380064962}.Release|Any CPU.Build.0 = Release|Any CPU
	EndGlobalSection
	GlobalSection(SolutionProperties) = preSolution
		HideSolutionNode = FALSE
	EndGlobalSection
	GlobalSection(ExtensibilityGlobals) = postSolution
		SolutionGuid = {C76D10FB-3E94-4D98-8D2F-79A4D91A0807}
	EndGlobalSection
EndGlobal
